// !$*UTF8*$!
{
	archiveVersion = 1;
	classes = {
	};
	objectVersion = 46;
	objects = {

/* Begin PBXBuildFile section */
		D9D4886B1D46826800626A34 /* main.m in Sources */ = {isa = PBXBuildFile; fileRef = D9D4886A1D46826800626A34 /* main.m */; };
		D9D4886E1D46826800626A34 /* AppDelegate.m in Sources */ = {isa = PBXBuildFile; fileRef = D9D4886D1D46826800626A34 /* AppDelegate.m */; };
		D9D488711D46826800626A34 /* ViewController.m in Sources */ = {isa = PBXBuildFile; fileRef = D9D488701D46826800626A34 /* ViewController.m */; };
		D9D488741D46826800626A34 /* Main.storyboard in Resources */ = {isa = PBXBuildFile; fileRef = D9D488721D46826800626A34 /* Main.storyboard */; };
		D9D488761D46826800626A34 /* Assets.xcassets in Resources */ = {isa = PBXBuildFile; fileRef = D9D488751D46826800626A34 /* Assets.xcassets */; };
		D9D488791D46826800626A34 /* LaunchScreen.storyboard in Resources */ = {isa = PBXBuildFile; fileRef = D9D488771D46826800626A34 /* LaunchScreen.storyboard */; };
		D9D488821D46864E00626A34 /* Bolts.framework in Frameworks */ = {isa = PBXBuildFile; fileRef = D9D488801D46864E00626A34 /* Bolts.framework */; };
		D9D488831D46864E00626A34 /* Parse.framework in Frameworks */ = {isa = PBXBuildFile; fileRef = D9D488811D46864E00626A34 /* Parse.framework */; };
		D9D488851D4686AA00626A34 /* Bolts.framework in CopyFiles */ = {isa = PBXBuildFile; fileRef = D9D488801D46864E00626A34 /* Bolts.framework */; settings = {ATTRIBUTES = (CodeSignOnCopy, RemoveHeadersOnCopy, ); }; };
		D9D488861D4686AA00626A34 /* Parse.framework in CopyFiles */ = {isa = PBXBuildFile; fileRef = D9D488811D46864E00626A34 /* Parse.framework */; settings = {ATTRIBUTES = (CodeSignOnCopy, RemoveHeadersOnCopy, ); }; };
		D9D488881D4694EB00626A34 /* MapKit.framework in Frameworks */ = {isa = PBXBuildFile; fileRef = D9D488871D4694EB00626A34 /* MapKit.framework */; };
		D9D4888B1D47CDFA00626A34 /* LocationController.m in Sources */ = {isa = PBXBuildFile; fileRef = D9D4888A1D47CDFA00626A34 /* LocationController.m */; };
		D9D4888E1D47E02800626A34 /* DetailViewController.m in Sources */ = {isa = PBXBuildFile; fileRef = D9D4888D1D47E02800626A34 /* DetailViewController.m */; };
		D9D488901D48166000626A34 /* CodeChallenge.m in Sources */ = {isa = PBXBuildFile; fileRef = D9D4888F1D48166000626A34 /* CodeChallenge.m */; };
		D9D488921D492B7600626A34 /* ParseUI.framework in Frameworks */ = {isa = PBXBuildFile; fileRef = D9D488911D492B7600626A34 /* ParseUI.framework */; };
		D9D488931D492C4700626A34 /* ParseUI.framework in CopyFiles */ = {isa = PBXBuildFile; fileRef = D9D488911D492B7600626A34 /* ParseUI.framework */; settings = {ATTRIBUTES = (CodeSignOnCopy, RemoveHeadersOnCopy, ); }; };
/* End PBXBuildFile section */

/* Begin PBXCopyFilesBuildPhase section */
		D9D488841D46868D00626A34 /* CopyFiles */ = {
			isa = PBXCopyFilesBuildPhase;
			buildActionMask = 2147483647;
			dstPath = "";
			dstSubfolderSpec = 10;
			files = (
				D9D488931D492C4700626A34 /* ParseUI.framework in CopyFiles */,
				D9D488851D4686AA00626A34 /* Bolts.framework in CopyFiles */,
				D9D488861D4686AA00626A34 /* Parse.framework in CopyFiles */,
			);
			runOnlyForDeploymentPostprocessing = 0;
		};
/* End PBXCopyFilesBuildPhase section */

/* Begin PBXFileReference section */
		D9D488661D46826800626A34 /* locationReminders.app */ = {isa = PBXFileReference; explicitFileType = wrapper.application; includeInIndex = 0; path = locationReminders.app; sourceTree = BUILT_PRODUCTS_DIR; };
		D9D4886A1D46826800626A34 /* main.m */ = {isa = PBXFileReference; lastKnownFileType = sourcecode.c.objc; path = main.m; sourceTree = "<group>"; };
		D9D4886C1D46826800626A34 /* AppDelegate.h */ = {isa = PBXFileReference; lastKnownFileType = sourcecode.c.h; path = AppDelegate.h; sourceTree = "<group>"; };
		D9D4886D1D46826800626A34 /* AppDelegate.m */ = {isa = PBXFileReference; lastKnownFileType = sourcecode.c.objc; path = AppDelegate.m; sourceTree = "<group>"; };
		D9D4886F1D46826800626A34 /* ViewController.h */ = {isa = PBXFileReference; lastKnownFileType = sourcecode.c.h; path = ViewController.h; sourceTree = "<group>"; };
		D9D488701D46826800626A34 /* ViewController.m */ = {isa = PBXFileReference; lastKnownFileType = sourcecode.c.objc; path = ViewController.m; sourceTree = "<group>"; };
		D9D488731D46826800626A34 /* Base */ = {isa = PBXFileReference; lastKnownFileType = file.storyboard; name = Base; path = Base.lproj/Main.storyboard; sourceTree = "<group>"; };
		D9D488751D46826800626A34 /* Assets.xcassets */ = {isa = PBXFileReference; lastKnownFileType = folder.assetcatalog; path = Assets.xcassets; sourceTree = "<group>"; };
		D9D488781D46826800626A34 /* Base */ = {isa = PBXFileReference; lastKnownFileType = file.storyboard; name = Base; path = Base.lproj/LaunchScreen.storyboard; sourceTree = "<group>"; };
		D9D4887A1D46826800626A34 /* Info.plist */ = {isa = PBXFileReference; lastKnownFileType = text.plist.xml; path = Info.plist; sourceTree = "<group>"; };
		D9D488801D46864E00626A34 /* Bolts.framework */ = {isa = PBXFileReference; lastKnownFileType = wrapper.framework; name = Bolts.framework; path = Carthage/Build/iOS/Bolts.framework; sourceTree = "<group>"; };
		D9D488811D46864E00626A34 /* Parse.framework */ = {isa = PBXFileReference; lastKnownFileType = wrapper.framework; name = Parse.framework; path = Carthage/Build/iOS/Parse.framework; sourceTree = "<group>"; };
		D9D488871D4694EB00626A34 /* MapKit.framework */ = {isa = PBXFileReference; lastKnownFileType = wrapper.framework; name = MapKit.framework; path = System/Library/Frameworks/MapKit.framework; sourceTree = SDKROOT; };
		D9D488891D47CDFA00626A34 /* LocationController.h */ = {isa = PBXFileReference; fileEncoding = 4; lastKnownFileType = sourcecode.c.h; path = LocationController.h; sourceTree = "<group>"; };
		D9D4888A1D47CDFA00626A34 /* LocationController.m */ = {isa = PBXFileReference; fileEncoding = 4; lastKnownFileType = sourcecode.c.objc; path = LocationController.m; sourceTree = "<group>"; };
		D9D4888C1D47E02800626A34 /* DetailViewController.h */ = {isa = PBXFileReference; fileEncoding = 4; lastKnownFileType = sourcecode.c.h; path = DetailViewController.h; sourceTree = "<group>"; };
		D9D4888D1D47E02800626A34 /* DetailViewController.m */ = {isa = PBXFileReference; fileEncoding = 4; lastKnownFileType = sourcecode.c.objc; path = DetailViewController.m; sourceTree = "<group>"; };
		D9D4888F1D48166000626A34 /* CodeChallenge.m */ = {isa = PBXFileReference; fileEncoding = 4; lastKnownFileType = sourcecode.c.objc; path = CodeChallenge.m; sourceTree = "<group>"; };
		D9D488911D492B7600626A34 /* ParseUI.framework */ = {isa = PBXFileReference; lastKnownFileType = wrapper.framework; path = ParseUI.framework; sourceTree = "<group>"; };
/* End PBXFileReference section */

/* Begin PBXFrameworksBuildPhase section */
		D9D488631D46826800626A34 /* Frameworks */ = {
			isa = PBXFrameworksBuildPhase;
			buildActionMask = 2147483647;
			files = (
				D9D488821D46864E00626A34 /* Bolts.framework in Frameworks */,
				D9D488881D4694EB00626A34 /* MapKit.framework in Frameworks */,
				D9D488921D492B7600626A34 /* ParseUI.framework in Frameworks */,
				D9D488831D46864E00626A34 /* Parse.framework in Frameworks */,
			);
			runOnlyForDeploymentPostprocessing = 0;
		};
/* End PBXFrameworksBuildPhase section */

/* Begin PBXGroup section */
		D9D4885D1D46826800626A34 = {
			isa = PBXGroup;
			children = (
				D9D488871D4694EB00626A34 /* MapKit.framework */,
				D9D488801D46864E00626A34 /* Bolts.framework */,
				D9D488811D46864E00626A34 /* Parse.framework */,
				D9D488911D492B7600626A34 /* ParseUI.framework */,
				D9D488681D46826800626A34 /* locationReminders */,
				D9D488671D46826800626A34 /* Products */,
			);
			sourceTree = "<group>";
		};
		D9D488671D46826800626A34 /* Products */ = {
			isa = PBXGroup;
			children = (
				D9D488661D46826800626A34 /* locationReminders.app */,
			);
			name = Products;
			sourceTree = "<group>";
		};
		D9D488681D46826800626A34 /* locationReminders */ = {
			isa = PBXGroup;
			children = (
				D9D4886C1D46826800626A34 /* AppDelegate.h */,
				D9D4886D1D46826800626A34 /* AppDelegate.m */,
				D9D4886F1D46826800626A34 /* ViewController.h */,
				D9D488701D46826800626A34 /* ViewController.m */,
				D9D4888F1D48166000626A34 /* CodeChallenge.m */,
				D9D488721D46826800626A34 /* Main.storyboard */,
				D9D4888C1D47E02800626A34 /* DetailViewController.h */,
				D9D4888D1D47E02800626A34 /* DetailViewController.m */,
				D9D488891D47CDFA00626A34 /* LocationController.h */,
				D9D4888A1D47CDFA00626A34 /* LocationController.m */,
				D9D488751D46826800626A34 /* Assets.xcassets */,
				D9D488771D46826800626A34 /* LaunchScreen.storyboard */,
				D9D4887A1D46826800626A34 /* Info.plist */,
				D9D488691D46826800626A34 /* Supporting Files */,
			);
			path = locationReminders;
			sourceTree = "<group>";
		};
		D9D488691D46826800626A34 /* Supporting Files */ = {
			isa = PBXGroup;
			children = (
				D9D4886A1D46826800626A34 /* main.m */,
			);
			name = "Supporting Files";
			sourceTree = "<group>";
		};
/* End PBXGroup section */

/* Begin PBXNativeTarget section */
		D9D488651D46826800626A34 /* locationReminders */ = {
			isa = PBXNativeTarget;
			buildConfigurationList = D9D4887D1D46826800626A34 /* Build configuration list for PBXNativeTarget "locationReminders" */;
			buildPhases = (
				D9D488621D46826800626A34 /* Sources */,
				D9D488631D46826800626A34 /* Frameworks */,
				D9D488641D46826800626A34 /* Resources */,
				D9D488841D46868D00626A34 /* CopyFiles */,
			);
			buildRules = (
			);
			dependencies = (
			);
			name = locationReminders;
			productName = locationReminders;
			productReference = D9D488661D46826800626A34 /* locationReminders.app */;
			productType = "com.apple.product-type.application";
		};
/* End PBXNativeTarget section */

/* Begin PBXProject section */
		D9D4885E1D46826800626A34 /* Project object */ = {
			isa = PBXProject;
			attributes = {
				LastUpgradeCheck = 0730;
				ORGANIZATIONNAME = "Jess Malesh";
				TargetAttributes = {
					D9D488651D46826800626A34 = {
						CreatedOnToolsVersion = 7.3.1;
						SystemCapabilities = {
							com.apple.Maps.iOS = {
								enabled = 1;
							};
						};
					};
				};
			};
			buildConfigurationList = D9D488611D46826800626A34 /* Build configuration list for PBXProject "locationReminders" */;
			compatibilityVersion = "Xcode 3.2";
			developmentRegion = English;
			hasScannedForEncodings = 0;
			knownRegions = (
				en,
				Base,
			);
			mainGroup = D9D4885D1D46826800626A34;
			productRefGroup = D9D488671D46826800626A34 /* Products */;
			projectDirPath = "";
			projectRoot = "";
			targets = (
				D9D488651D46826800626A34 /* locationReminders */,
			);
		};
/* End PBXProject section */

/* Begin PBXResourcesBuildPhase section */
		D9D488641D46826800626A34 /* Resources */ = {
			isa = PBXResourcesBuildPhase;
			buildActionMask = 2147483647;
			files = (
				D9D488791D46826800626A34 /* LaunchScreen.storyboard in Resources */,
				D9D488761D46826800626A34 /* Assets.xcassets in Resources */,
				D9D488741D46826800626A34 /* Main.storyboard in Resources */,
			);
			runOnlyForDeploymentPostprocessing = 0;
		};
/* End PBXResourcesBuildPhase section */

/* Begin PBXSourcesBuildPhase section */
		D9D488621D46826800626A34 /* Sources */ = {
			isa = PBXSourcesBuildPhase;
			buildActionMask = 2147483647;
			files = (
				D9D4888E1D47E02800626A34 /* DetailViewController.m in Sources */,
				D9D4888B1D47CDFA00626A34 /* LocationController.m in Sources */,
				D9D488901D48166000626A34 /* CodeChallenge.m in Sources */,
				D9D488711D46826800626A34 /* ViewController.m in Sources */,
				D9D4886E1D46826800626A34 /* AppDelegate.m in Sources */,
				D9D4886B1D46826800626A34 /* main.m in Sources */,
			);
			runOnlyForDeploymentPostprocessing = 0;
		};
/* End PBXSourcesBuildPhase section */

/* Begin PBXVariantGroup section */
		D9D488721D46826800626A34 /* Main.storyboard */ = {
			isa = PBXVariantGroup;
			children = (
				D9D488731D46826800626A34 /* Base */,
			);
			name = Main.storyboard;
			sourceTree = "<group>";
		};
		D9D488771D46826800626A34 /* LaunchScreen.storyboard */ = {
			isa = PBXVariantGroup;
			children = (
				D9D488781D46826800626A34 /* Base */,
			);
			name = LaunchScreen.storyboard;
			sourceTree = "<group>";
		};
/* End PBXVariantGroup section */

/* Begin XCBuildConfiguration section */
		D9D4887B1D46826800626A34 /* Debug */ = {
			isa = XCBuildConfiguration;
			buildSettings = {
				ALWAYS_SEARCH_USER_PATHS = NO;
				CLANG_ANALYZER_NONNULL = YES;
				CLANG_CXX_LANGUAGE_STANDARD = "gnu++0x";
				CLANG_CXX_LIBRARY = "libc++";
				CLANG_ENABLE_MODULES = YES;
				CLANG_ENABLE_OBJC_ARC = YES;
				CLANG_WARN_BOOL_CONVERSION = YES;
				CLANG_WARN_CONSTANT_CONVERSION = YES;
				CLANG_WARN_DIRECT_OBJC_ISA_USAGE = YES_ERROR;
				CLANG_WARN_EMPTY_BODY = YES;
				CLANG_WARN_ENUM_CONVERSION = YES;
				CLANG_WARN_INT_CONVERSION = YES;
				CLANG_WARN_OBJC_ROOT_CLASS = YES_ERROR;
				CLANG_WARN_UNREACHABLE_CODE = YES;
				CLANG_WARN__DUPLICATE_METHOD_MATCH = YES;
				"CODE_SIGN_IDENTITY[sdk=iphoneos*]" = "iPhone Developer";
				COPY_PHASE_STRIP = NO;
				DEBUG_INFORMATION_FORMAT = dwarf;
				ENABLE_STRICT_OBJC_MSGSEND = YES;
				ENABLE_TESTABILITY = YES;
				GCC_C_LANGUAGE_STANDARD = gnu99;
				GCC_DYNAMIC_NO_PIC = NO;
				GCC_NO_COMMON_BLOCKS = YES;
				GCC_OPTIMIZATION_LEVEL = 0;
				GCC_PREPROCESSOR_DEFINITIONS = (
					"DEBUG=1",
					"$(inherited)",
				);
				GCC_WARN_64_TO_32_BIT_CONVERSION = YES;
				GCC_WARN_ABOUT_RETURN_TYPE = YES_ERROR;
				GCC_WARN_UNDECLARED_SELECTOR = YES;
				GCC_WARN_UNINITIALIZED_AUTOS = YES_AGGRESSIVE;
				GCC_WARN_UNUSED_FUNCTION = YES;
				GCC_WARN_UNUSED_VARIABLE = YES;
				IPHONEOS_DEPLOYMENT_TARGET = 9.3;
				MTL_ENABLE_DEBUG_INFO = YES;
				ONLY_ACTIVE_ARCH = YES;
				SDKROOT = iphoneos;
				TARGETED_DEVICE_FAMILY = "1,2";
			};
			name = Debug;
		};
		D9D4887C1D46826800626A34 /* Release */ = {
			isa = XCBuildConfiguration;
			buildSettings = {
				ALWAYS_SEARCH_USER_PATHS = NO;
				CLANG_ANALYZER_NONNULL = YES;
				CLANG_CXX_LANGUAGE_STANDARD = "gnu++0x";
				CLANG_CXX_LIBRARY = "libc++";
				CLANG_ENABLE_MODULES = YES;
				CLANG_ENABLE_OBJC_ARC = YES;
				CLANG_WARN_BOOL_CONVERSION = YES;
				CLANG_WARN_CONSTANT_CONVERSION = YES;
				CLANG_WARN_DIRECT_OBJC_ISA_USAGE = YES_ERROR;
				CLANG_WARN_EMPTY_BODY = YES;
				CLANG_WARN_ENUM_CONVERSION = YES;
				CLANG_WARN_INT_CONVERSION = YES;
				CLANG_WARN_OBJC_ROOT_CLASS = YES_ERROR;
				CLANG_WARN_UNREACHABLE_CODE = YES;
				CLANG_WARN__DUPLICATE_METHOD_MATCH = YES;
				"CODE_SIGN_IDENTITY[sdk=iphoneos*]" = "iPhone Developer";
				COPY_PHASE_STRIP = NO;
				DEBUG_INFORMATION_FORMAT = "dwarf-with-dsym";
				ENABLE_NS_ASSERTIONS = NO;
				ENABLE_STRICT_OBJC_MSGSEND = YES;
				GCC_C_LANGUAGE_STANDARD = gnu99;
				GCC_NO_COMMON_BLOCKS = YES;
				GCC_WARN_64_TO_32_BIT_CONVERSION = YES;
				GCC_WARN_ABOUT_RETURN_TYPE = YES_ERROR;
				GCC_WARN_UNDECLARED_SELECTOR = YES;
				GCC_WARN_UNINITIALIZED_AUTOS = YES_AGGRESSIVE;
				GCC_WARN_UNUSED_FUNCTION = YES;
				GCC_WARN_UNUSED_VARIABLE = YES;
				IPHONEOS_DEPLOYMENT_TARGET = 9.3;
				MTL_ENABLE_DEBUG_INFO = NO;
				SDKROOT = iphoneos;
				TARGETED_DEVICE_FAMILY = "1,2";
				VALIDATE_PRODUCT = YES;
			};
			name = Release;
		};
		D9D4887E1D46826800626A34 /* Debug */ = {
			isa = XCBuildConfiguration;
			buildSettings = {
				ASSETCATALOG_COMPILER_APPICON_NAME = AppIcon;
				FRAMEWORK_SEARCH_PATHS = (
					"$(inherited)",
					"$(PROJECT_DIR)/Carthage/Build/iOS",
					"$(PROJECT_DIR)",
				);
				INFOPLIST_FILE = locationReminders/Info.plist;
				LD_RUNPATH_SEARCH_PATHS = "$(inherited) @executable_path/Frameworks";
				PRODUCT_BUNDLE_IDENTIFIER = com.JessMalesh.locationReminders;
				PRODUCT_NAME = "$(TARGET_NAME)";
			};
			name = Debug;
		};
		D9D4887F1D46826800626A34 /* Release */ = {
			isa = XCBuildConfiguration;
			buildSettings = {
				ASSETCATALOG_COMPILER_APPICON_NAME = AppIcon;
				FRAMEWORK_SEARCH_PATHS = (
					"$(inherited)",
					"$(PROJECT_DIR)/Carthage/Build/iOS",
					"$(PROJECT_DIR)",
				);
				INFOPLIST_FILE = locationReminders/Info.plist;
				LD_RUNPATH_SEARCH_PATHS = "$(inherited) @executable_path/Frameworks";
				PRODUCT_BUNDLE_IDENTIFIER = com.JessMalesh.locationReminders;
				PRODUCT_NAME = "$(TARGET_NAME)";
			};
			name = Release;
		};
/* End XCBuildConfiguration section */

/* Begin XCConfigurationList section */
		D9D488611D46826800626A34 /* Build configuration list for PBXProject "locationReminders" */ = {
			isa = XCConfigurationList;
			buildConfigurations = (
				D9D4887B1D46826800626A34 /* Debug */,
				D9D4887C1D46826800626A34 /* Release */,
			);
			defaultConfigurationIsVisible = 0;
			defaultConfigurationName = Release;
		};
		D9D4887D1D46826800626A34 /* Build configuration list for PBXNativeTarget "locationReminders" */ = {
			isa = XCConfigurationList;
			buildConfigurations = (
				D9D4887E1D46826800626A34 /* Debug */,
				D9D4887F1D46826800626A34 /* Release */,
			);
			defaultConfigurationIsVisible = 0;
			defaultConfigurationName = Release;
		};
/* End XCConfigurationList section */
	};
	rootObject = D9D4885E1D46826800626A34 /* Project object */;
}
